
Microsoft Visual Studio Solution File, Format Version 12.00
# Visual Studio Version 17
VisualStudioVersion = 17.6.33829.357
MinimumVisualStudioVersion = 10.0.40219.1
Project("{FAE04EC0-301F-11D3-BF4B-00C04F79EFBC}") = "Portfolio", "Portfolio\Portfolio.csproj", "{3C982077-48B4-4C08-B46B-C2C85114D1D4}"
EndProject
Global
	GlobalSection(SolutionConfigurationPlatforms) = preSolution
		Debug|Any CPU = Debug|Any CPU
		Release|Any CPU = Release|Any CPU
	EndGlobalSection
	GlobalSection(ProjectConfigurationPlatforms) = postSolution
		{3C982077-48B4-4C08-B46B-C2C85114D1D4}.Debug|Any CPU.ActiveCfg = Debug|Any CPU
		{3C982077-48B4-4C08-B46B-C2C85114D1D4}.Debug|Any CPU.Build.0 = Debug|Any CPU
		{3C982077-48B4-4C08-B46B-C2C85114D1D4}.Release|Any CPU.ActiveCfg = Release|Any CPU
		{3C982077-48B4-4C08-B46B-C2C85114D1D4}.Release|Any CPU.Build.0 = Release|Any CPU
	EndGlobalSection
	GlobalSection(SolutionProperties) = preSolution
		HideSolutionNode = FALSE
	EndGlobalSection
	GlobalSection(ExtensibilityGlobals) = postSolution
		SolutionGuid = {59189FAA-E110-446E-990E-465A19A89335}
	EndGlobalSection
EndGlobal
